
Microsoft Visual Studio Solution File, Format Version 12.00
# Visual Studio 15
VisualStudioVersion = 15.0.28307.168
MinimumVisualStudioVersion = 10.0.40219.1
Project("{8BC9CEB8-8B4A-11D0-8D11-00A0C91BC942}") = "Project1", "Project1\Project1.vcxproj", "{EB4B1EC8-5DFC-4A64-8F99-B2D660E23512}"
EndProject
Global
	GlobalSection(SolutionConfigurationPlatforms) = preSolution
		Debug|x64 = Debug|x64
		Debug|x86 = Debug|x86
		Release|x64 = Release|x64
		Release|x86 = Release|x86
	EndGlobalSection
	GlobalSection(ProjectConfigurationPlatforms) = postSolution
		{EB4B1EC8-5DFC-4A64-8F99-B2D660E23512}.Debug|x64.ActiveCfg = Debug|x64
		{EB4B1EC8-5DFC-4A64-8F99-B2D660E23512}.Debug|x64.Build.0 = Debug|x64
		{EB4B1EC8-5DFC-4A64-8F99-B2D660E23512}.Debug|x86.ActiveCfg = Debug|Win32
		{EB4B1EC8-5DFC-4A64-8F99-B2D660E23512}.Debug|x86.Build.0 = Debug|Win32
		{EB4B1EC8-5DFC-4A64-8F99-B2D660E23512}.Release|x64.ActiveCfg = Release|x64
		{EB4B1EC8-5DFC-4A64-8F99-B2D660E23512}.Release|x64.Build.0 = Release|x64
		{EB4B1EC8-5DFC-4A64-8F99-B2D660E23512}.Release|x86.ActiveCfg = Release|Win32
		{EB4B1EC8-5DFC-4A64-8F99-B2D660E23512}.Release|x86.Build.0 = Release|Win32
	EndGlobalSection
	GlobalSection(SolutionProperties) = preSolution
		HideSolutionNode = FALSE
	EndGlobalSection
	GlobalSection(ExtensibilityGlobals) = postSolution
		SolutionGuid = {098F72D5-34AE-40C2-9CA9-A2CC96BF4B79}
	EndGlobalSection
EndGlobal
